
Microsoft Visual Studio Solution File, Format Version 12.00
# Visual Studio Version 16
VisualStudioVersion = 16.0.30114.105
MinimumVisualStudioVersion = 10.0.40219.1
Project("{FAE04EC0-301F-11D3-BF4B-00C04F79EFBC}") = "App1.Android", "App1\App1.Android\App1.Android.csproj", "{0564DEE8-FE0D-4B42-BCBB-3A697B650ECF}"
EndProject
Project("{FAE04EC0-301F-11D3-BF4B-00C04F79EFBC}") = "App1.iOS", "App1\App1.iOS\App1.iOS.csproj", "{78F548E2-3B55-4F3F-8C5F-45587C11E7E5}"
EndProject
Project("{FAE04EC0-301F-11D3-BF4B-00C04F79EFBC}") = "App1", "App1\App1\App1.csproj", "{4737354F-1D28-4961-9A41-2C680CA02E26}"
EndProject
Global
	GlobalSection(SolutionConfigurationPlatforms) = preSolution
		Debug|Any CPU = Debug|Any CPU
		Debug|iPhone = Debug|iPhone
		Debug|iPhoneSimulator = Debug|iPhoneSimulator
		Release|Any CPU = Release|Any CPU
		Release|iPhone = Release|iPhone
		Release|iPhoneSimulator = Release|iPhoneSimulator
	EndGlobalSection
	GlobalSection(ProjectConfigurationPlatforms) = postSolution
		{0564DEE8-FE0D-4B42-BCBB-3A697B650ECF}.Debug|Any CPU.ActiveCfg = Debug|Any CPU
		{0564DEE8-FE0D-4B42-BCBB-3A697B650ECF}.Debug|Any CPU.Build.0 = Debug|Any CPU
		{0564DEE8-FE0D-4B42-BCBB-3A697B650ECF}.Debug|Any CPU.Deploy.0 = Debug|Any CPU
		{0564DEE8-FE0D-4B42-BCBB-3A697B650ECF}.Debug|iPhone.ActiveCfg = Debug|Any CPU
		{0564DEE8-FE0D-4B42-BCBB-3A697B650ECF}.Debug|iPhone.Build.0 = Debug|Any CPU
		{0564DEE8-FE0D-4B42-BCBB-3A697B650ECF}.Debug|iPhone.Deploy.0 = Debug|Any CPU
		{0564DEE8-FE0D-4B42-BCBB-3A697B650ECF}.Debug|iPhoneSimulator.ActiveCfg = Debug|Any CPU
		{0564DEE8-FE0D-4B42-BCBB-3A697B650ECF}.Debug|iPhoneSimulator.Build.0 = Debug|Any CPU
		{0564DEE8-FE0D-4B42-BCBB-3A697B650ECF}.Debug|iPhoneSimulator.Deploy.0 = Debug|Any CPU
		{0564DEE8-FE0D-4B42-BCBB-3A697B650ECF}.Release|Any CPU.ActiveCfg = Release|Any CPU
		{0564DEE8-FE0D-4B42-BCBB-3A697B650ECF}.Release|Any CPU.Build.0 = Release|Any CPU
		{0564DEE8-FE0D-4B42-BCBB-3A697B650ECF}.Release|Any CPU.Deploy.0 = Release|Any CPU
		{0564DEE8-FE0D-4B42-BCBB-3A697B650ECF}.Release|iPhone.ActiveCfg = Release|Any CPU
		{0564DEE8-FE0D-4B42-BCBB-3A697B650ECF}.Release|iPhone.Build.0 = Release|Any CPU
		{0564DEE8-FE0D-4B42-BCBB-3A697B650ECF}.Release|iPhone.Deploy.0 = Release|Any CPU
		{0564DEE8-FE0D-4B42-BCBB-3A697B650ECF}.Release|iPhoneSimulator.ActiveCfg = Release|Any CPU
		{0564DEE8-FE0D-4B42-BCBB-3A697B650ECF}.Release|iPhoneSimulator.Build.0 = Release|Any CPU
		{0564DEE8-FE0D-4B42-BCBB-3A697B650ECF}.Release|iPhoneSimulator.Deploy.0 = Release|Any CPU
		{78F548E2-3B55-4F3F-8C5F-45587C11E7E5}.Debug|Any CPU.ActiveCfg = Debug|iPhone
		{78F548E2-3B55-4F3F-8C5F-45587C11E7E5}.Debug|Any CPU.Build.0 = Debug|iPhone
		{78F548E2-3B55-4F3F-8C5F-45587C11E7E5}.Debug|Any CPU.Deploy.0 = Debug|iPhone
		{78F548E2-3B55-4F3F-8C5F-45587C11E7E5}.Debug|iPhone.ActiveCfg = Debug|iPhone
		{78F548E2-3B55-4F3F-8C5F-45587C11E7E5}.Debug|iPhone.Build.0 = Debug|iPhone
		{78F548E2-3B55-4F3F-8C5F-45587C11E7E5}.Debug|iPhone.Deploy.0 = Debug|iPhone
		{78F548E2-3B55-4F3F-8C5F-45587C11E7E5}.Debug|iPhoneSimulator.ActiveCfg = Debug|iPhoneSimulator
		{78F548E2-3B55-4F3F-8C5F-45587C11E7E5}.Debug|iPhoneSimulator.Build.0 = Debug|iPhoneSimulator
		{78F548E2-3B55-4F3F-8C5F-45587C11E7E5}.Debug|iPhoneSimulator.Deploy.0 = Debug|iPhoneSimulator
		{78F548E2-3B55-4F3F-8C5F-45587C11E7E5}.Release|Any CPU.ActiveCfg = Release|iPhone
		{78F548E2-3B55-4F3F-8C5F-45587C11E7E5}.Release|Any CPU.Build.0 = Release|iPhone
		{78F548E2-3B55-4F3F-8C5F-45587C11E7E5}.Release|Any CPU.Deploy.0 = Release|iPhone
		{78F548E2-3B55-4F3F-8C5F-45587C11E7E5}.Release|iPhone.ActiveCfg = Release|iPhone
		{78F548E2-3B55-4F3F-8C5F-45587C11E7E5}.Release|iPhone.Build.0 = Release|iPhone
		{78F548E2-3B55-4F3F-8C5F-45587C11E7E5}.Release|iPhone.Deploy.0 = Release|iPhone
		{78F548E2-3B55-4F3F-8C5F-45587C11E7E5}.Release|iPhoneSimulator.ActiveCfg = Release|iPhoneSimulator
		{78F548E2-3B55-4F3F-8C5F-45587C11E7E5}.Release|iPhoneSimulator.Build.0 = Release|iPhoneSimulator
		{78F548E2-3B55-4F3F-8C5F-45587C11E7E5}.Release|iPhoneSimulator.Deploy.0 = Release|iPhoneSimulator
		{4737354F-1D28-4961-9A41-2C680CA02E26}.Debug|Any CPU.ActiveCfg = Debug|Any CPU
		{4737354F-1D28-4961-9A41-2C680CA02E26}.Debug|Any CPU.Build.0 = Debug|Any CPU
		{4737354F-1D28-4961-9A41-2C680CA02E26}.Debug|Any CPU.Deploy.0 = Debug|Any CPU
		{4737354F-1D28-4961-9A41-2C680CA02E26}.Debug|iPhone.ActiveCfg = Debug|Any CPU
		{4737354F-1D28-4961-9A41-2C680CA02E26}.Debug|iPhone.Build.0 = Debug|Any CPU
		{4737354F-1D28-4961-9A41-2C680CA02E26}.Debug|iPhone.Deploy.0 = Debug|Any CPU
		{4737354F-1D28-4961-9A41-2C680CA02E26}.Debug|iPhoneSimulator.ActiveCfg = Debug|Any CPU
		{4737354F-1D28-4961-9A41-2C680CA02E26}.Debug|iPhoneSimulator.Build.0 = Debug|Any CPU
		{4737354F-1D28-4961-9A41-2C680CA02E26}.Debug|iPhoneSimulator.Deploy.0 = Debug|Any CPU
		{4737354F-1D28-4961-9A41-2C680CA02E26}.Release|Any CPU.ActiveCfg = Release|Any CPU
		{4737354F-1D28-4961-9A41-2C680CA02E26}.Release|Any CPU.Build.0 = Release|Any CPU
		{4737354F-1D28-4961-9A41-2C680CA02E26}.Release|Any CPU.Deploy.0 = Release|Any CPU
		{4737354F-1D28-4961-9A41-2C680CA02E26}.Release|iPhone.ActiveCfg = Release|Any CPU
		{4737354F-1D28-4961-9A41-2C680CA02E26}.Release|iPhone.Build.0 = Release|Any CPU
		{4737354F-1D28-4961-9A41-2C680CA02E26}.Release|iPhone.Deploy.0 = Release|Any CPU
		{4737354F-1D28-4961-9A41-2C680CA02E26}.Release|iPhoneSimulator.ActiveCfg = Release|Any CPU
		{4737354F-1D28-4961-9A41-2C680CA02E26}.Release|iPhoneSimulator.Build.0 = Release|Any CPU
		{4737354F-1D28-4961-9A41-2C680CA02E26}.Release|iPhoneSimulator.Deploy.0 = Release|Any CPU
	EndGlobalSection
	GlobalSection(SolutionProperties) = preSolution
		HideSolutionNode = FALSE
	EndGlobalSection
	GlobalSection(ExtensibilityGlobals) = postSolution
		SolutionGuid = {95AE15B5-AE13-4FC5-8A1B-42580BDB6299}
	EndGlobalSection
EndGlobal
